
Microsoft Visual Studio Solution File, Format Version 12.00
# Visual Studio 15
Project("{FAE04EC0-301F-11D3-BF4B-00C04F79EFBC}") = "Assembly-CSharp", "Assembly-CSharp.csproj", "{36F65265-97A4-0558-3030-A81A4DC2B704}"
EndProject
Project("{FAE04EC0-301F-11D3-BF4B-00C04F79EFBC}") = "Game", "Game.csproj", "{C0A85945-7ABE-E10D-CC45-8A88263323AA}"
EndProject
Project("{FAE04EC0-301F-11D3-BF4B-00C04F79EFBC}") = "EditTest", "EditTest.csproj", "{4A4802F6-D763-A187-7F05-D8969A3A2710}"
EndProject
Global
	GlobalSection(SolutionConfigurationPlatforms) = preSolution
		Debug|Any CPU = Debug|Any CPU
		Release|Any CPU = Release|Any CPU
	EndGlobalSection
	GlobalSection(ProjectConfigurationPlatforms) = postSolution
		{36F65265-97A4-0558-3030-A81A4DC2B704}.Debug|Any CPU.ActiveCfg = Debug|Any CPU
		{36F65265-97A4-0558-3030-A81A4DC2B704}.Debug|Any CPU.Build.0 = Debug|Any CPU
		{36F65265-97A4-0558-3030-A81A4DC2B704}.Release|Any CPU.ActiveCfg = Release|Any CPU
		{36F65265-97A4-0558-3030-A81A4DC2B704}.Release|Any CPU.Build.0 = Release|Any CPU
		{C0A85945-7ABE-E10D-CC45-8A88263323AA}.Debug|Any CPU.ActiveCfg = Debug|Any CPU
		{C0A85945-7ABE-E10D-CC45-8A88263323AA}.Debug|Any CPU.Build.0 = Debug|Any CPU
		{C0A85945-7ABE-E10D-CC45-8A88263323AA}.Release|Any CPU.ActiveCfg = Release|Any CPU
		{C0A85945-7ABE-E10D-CC45-8A88263323AA}.Release|Any CPU.Build.0 = Release|Any CPU
		{4A4802F6-D763-A187-7F05-D8969A3A2710}.Debug|Any CPU.ActiveCfg = Debug|Any CPU
		{4A4802F6-D763-A187-7F05-D8969A3A2710}.Debug|Any CPU.Build.0 = Debug|Any CPU
		{4A4802F6-D763-A187-7F05-D8969A3A2710}.Release|Any CPU.ActiveCfg = Release|Any CPU
		{4A4802F6-D763-A187-7F05-D8969A3A2710}.Release|Any CPU.Build.0 = Release|Any CPU
	EndGlobalSection
	GlobalSection(SolutionProperties) = preSolution
		HideSolutionNode = FALSE
	EndGlobalSection
EndGlobal
